
Microsoft Visual Studio Solution File, Format Version 12.00
# Visual Studio 15
VisualStudioVersion = 15.0.28307.489
MinimumVisualStudioVersion = 10.0.40219.1
Project("{FAE04EC0-301F-11D3-BF4B-00C04F79EFBC}") = "DateTest", "DateTest\DateTest.csproj", "{7643A984-5C9E-42BC-A94C-A1FA38105B3A}"
EndProject
Global
	GlobalSection(SolutionConfigurationPlatforms) = preSolution
		Debug|Any CPU = Debug|Any CPU
		Release|Any CPU = Release|Any CPU
	EndGlobalSection
	GlobalSection(ProjectConfigurationPlatforms) = postSolution
		{7643A984-5C9E-42BC-A94C-A1FA38105B3A}.Debug|Any CPU.ActiveCfg = Debug|Any CPU
		{7643A984-5C9E-42BC-A94C-A1FA38105B3A}.Debug|Any CPU.Build.0 = Debug|Any CPU
		{7643A984-5C9E-42BC-A94C-A1FA38105B3A}.Release|Any CPU.ActiveCfg = Release|Any CPU
		{7643A984-5C9E-42BC-A94C-A1FA38105B3A}.Release|Any CPU.Build.0 = Release|Any CPU
	EndGlobalSection
	GlobalSection(SolutionProperties) = preSolution
		HideSolutionNode = FALSE
	EndGlobalSection
	GlobalSection(ExtensibilityGlobals) = postSolution
		SolutionGuid = {069453C3-2DD3-41F1-9C5B-EB47CD2FACC3}
	EndGlobalSection
EndGlobal
